
Microsoft Visual Studio Solution File, Format Version 12.00
# Visual Studio 2012
Project("{FAE04EC0-301F-11D3-BF4B-00C04F79EFBC}") = "GestiuneaSalilor", "GestiuneaSalilor\GestiuneaSalilor.csproj", "{16ECEA30-AB3A-480A-B0A2-A26B8B2A608E}"
EndProject
Global
	GlobalSection(SolutionConfigurationPlatforms) = preSolution
		Debug|Any CPU = Debug|Any CPU
		Release|Any CPU = Release|Any CPU
	EndGlobalSection
	GlobalSection(ProjectConfigurationPlatforms) = postSolution
		{16ECEA30-AB3A-480A-B0A2-A26B8B2A608E}.Debug|Any CPU.ActiveCfg = Debug|Any CPU
		{16ECEA30-AB3A-480A-B0A2-A26B8B2A608E}.Debug|Any CPU.Build.0 = Debug|Any CPU
		{16ECEA30-AB3A-480A-B0A2-A26B8B2A608E}.Release|Any CPU.ActiveCfg = Release|Any CPU
		{16ECEA30-AB3A-480A-B0A2-A26B8B2A608E}.Release|Any CPU.Build.0 = Release|Any CPU
	EndGlobalSection
	GlobalSection(SolutionProperties) = preSolution
		HideSolutionNode = FALSE
	EndGlobalSection
EndGlobal
